
Microsoft Visual Studio Solution File, Format Version 12.00
# Visual Studio Version 17
VisualStudioVersion = 17.14.36301.6
MinimumVisualStudioVersion = 10.0.40219.1
Project("{FAE04EC0-301F-11D3-BF4B-00C04F79EFBC}") = "EvaluationSystem", "西南交大2024-2025第2学期软件设计实训——教师教学质量评价系统\EvaluationSystem.csproj", "{8CA283DB-5164-4915-93DB-9E8325A7FECD}"
EndProject
Global
	GlobalSection(SolutionConfigurationPlatforms) = preSolution
		Debug|Any CPU = Debug|Any CPU
		Release|Any CPU = Release|Any CPU
	EndGlobalSection
	GlobalSection(ProjectConfigurationPlatforms) = postSolution
		{8CA283DB-5164-4915-93DB-9E8325A7FECD}.Debug|Any CPU.ActiveCfg = Debug|Any CPU
		{8CA283DB-5164-4915-93DB-9E8325A7FECD}.Debug|Any CPU.Build.0 = Debug|Any CPU
		{8CA283DB-5164-4915-93DB-9E8325A7FECD}.Release|Any CPU.ActiveCfg = Release|Any CPU
		{8CA283DB-5164-4915-93DB-9E8325A7FECD}.Release|Any CPU.Build.0 = Release|Any CPU
	EndGlobalSection
	GlobalSection(SolutionProperties) = preSolution
		HideSolutionNode = FALSE
	EndGlobalSection
	GlobalSection(ExtensibilityGlobals) = postSolution
		SolutionGuid = {AC5F12DF-229A-463E-8EC4-B76D1B1969E2}
	EndGlobalSection
EndGlobal
